
Microsoft Visual Studio Solution File, Format Version 12.00
# Visual Studio Version 16
VisualStudioVersion = 16.0.30611.23
MinimumVisualStudioVersion = 10.0.40219.1
Project("{FAE04EC0-301F-11D3-BF4B-00C04F79EFBC}") = "DatabaseCreator", "Eighth_homework\DatabaseCreator.csproj", "{54F60E7E-8C10-46C3-B1B3-58E3F016E685}"
EndProject
Project("{FAE04EC0-301F-11D3-BF4B-00C04F79EFBC}") = "BelieveOrNotBelieve", "BelieveOrNotBelieve\BelieveOrNotBelieve.csproj", "{1E4854C3-C6C7-4874-B078-1AFDAD803276}"
EndProject
Project("{FAE04EC0-301F-11D3-BF4B-00C04F79EFBC}") = "Converter", "Converter\Converter.csproj", "{FAED6269-975B-4AF6-82C8-3C58B6966C6B}"
EndProject
Global
	GlobalSection(SolutionConfigurationPlatforms) = preSolution
		Debug|Any CPU = Debug|Any CPU
		Release|Any CPU = Release|Any CPU
	EndGlobalSection
	GlobalSection(ProjectConfigurationPlatforms) = postSolution
		{54F60E7E-8C10-46C3-B1B3-58E3F016E685}.Debug|Any CPU.ActiveCfg = Debug|Any CPU
		{54F60E7E-8C10-46C3-B1B3-58E3F016E685}.Debug|Any CPU.Build.0 = Debug|Any CPU
		{54F60E7E-8C10-46C3-B1B3-58E3F016E685}.Release|Any CPU.ActiveCfg = Release|Any CPU
		{54F60E7E-8C10-46C3-B1B3-58E3F016E685}.Release|Any CPU.Build.0 = Release|Any CPU
		{1E4854C3-C6C7-4874-B078-1AFDAD803276}.Debug|Any CPU.ActiveCfg = Debug|Any CPU
		{1E4854C3-C6C7-4874-B078-1AFDAD803276}.Debug|Any CPU.Build.0 = Debug|Any CPU
		{1E4854C3-C6C7-4874-B078-1AFDAD803276}.Release|Any CPU.ActiveCfg = Release|Any CPU
		{1E4854C3-C6C7-4874-B078-1AFDAD803276}.Release|Any CPU.Build.0 = Release|Any CPU
		{FAED6269-975B-4AF6-82C8-3C58B6966C6B}.Debug|Any CPU.ActiveCfg = Debug|Any CPU
		{FAED6269-975B-4AF6-82C8-3C58B6966C6B}.Debug|Any CPU.Build.0 = Debug|Any CPU
		{FAED6269-975B-4AF6-82C8-3C58B6966C6B}.Release|Any CPU.ActiveCfg = Release|Any CPU
		{FAED6269-975B-4AF6-82C8-3C58B6966C6B}.Release|Any CPU.Build.0 = Release|Any CPU
	EndGlobalSection
	GlobalSection(SolutionProperties) = preSolution
		HideSolutionNode = FALSE
	EndGlobalSection
	GlobalSection(ExtensibilityGlobals) = postSolution
		SolutionGuid = {EAC7903B-FAD9-4E90-97D6-BD4C0704F5D0}
	EndGlobalSection
EndGlobal
