
Microsoft Visual Studio Solution File, Format Version 12.00
# Visual Studio Version 16
VisualStudioVersion = 16.0.30611.23
MinimumVisualStudioVersion = 10.0.40219.1
Project("{FAE04EC0-301F-11D3-BF4B-00C04F79EFBC}") = "Company", "Company\Company.csproj", "{CC77811F-14FE-4436-951B-204268395280}"
EndProject
Global
	GlobalSection(SolutionConfigurationPlatforms) = preSolution
		Debug|Any CPU = Debug|Any CPU
		Release|Any CPU = Release|Any CPU
	EndGlobalSection
	GlobalSection(ProjectConfigurationPlatforms) = postSolution
		{CC77811F-14FE-4436-951B-204268395280}.Debug|Any CPU.ActiveCfg = Debug|Any CPU
		{CC77811F-14FE-4436-951B-204268395280}.Debug|Any CPU.Build.0 = Debug|Any CPU
		{CC77811F-14FE-4436-951B-204268395280}.Release|Any CPU.ActiveCfg = Release|Any CPU
		{CC77811F-14FE-4436-951B-204268395280}.Release|Any CPU.Build.0 = Release|Any CPU
	EndGlobalSection
	GlobalSection(SolutionProperties) = preSolution
		HideSolutionNode = FALSE
	EndGlobalSection
	GlobalSection(ExtensibilityGlobals) = postSolution
		SolutionGuid = {597BBA7F-CD37-4C00-8D4D-CBDA093BAD02}
	EndGlobalSection
EndGlobal
